// !$*UTF8*$!
{
	archiveVersion = 1;
	classes = {
	};
	objectVersion = 46;
	objects = {

/* Begin PBXBuildFile section */
		2E5F63E41DB6426A00656256 /* AppDelegate.swift in Sources */ = {isa = PBXBuildFile; fileRef = 2E5F63E31DB6426A00656256 /* AppDelegate.swift */; };
		2E5F63E61DB6426A00656256 /* CollectionViewController.swift in Sources */ = {isa = PBXBuildFile; fileRef = 2E5F63E51DB6426A00656256 /* CollectionViewController.swift */; };
		2E5F63EB1DB6426A00656256 /* Assets.xcassets in Resources */ = {isa = PBXBuildFile; fileRef = 2E5F63EA1DB6426A00656256 /* Assets.xcassets */; };
		2E5F63F61DB6451100656256 /* Movie.swift in Sources */ = {isa = PBXBuildFile; fileRef = 2E5F63F51DB6451100656256 /* Movie.swift */; };
		4FAB115A1DB649F600FD1618 /* ViewControllerDetails.swift in Sources */ = {isa = PBXBuildFile; fileRef = 4FAB11591DB649F600FD1618 /* ViewControllerDetails.swift */; };
		4FAB115C1DB64EB200FD1618 /* DAO.swift in Sources */ = {isa = PBXBuildFile; fileRef = 4FAB115B1DB64EB200FD1618 /* DAO.swift */; };
		4FAB115E1DB654A700FD1618 /* CollectionViewCell.swift in Sources */ = {isa = PBXBuildFile; fileRef = 4FAB115D1DB654A700FD1618 /* CollectionViewCell.swift */; };
		4FAB11611DB65B3C00FD1618 /* Main.storyboard in Resources */ = {isa = PBXBuildFile; fileRef = 4FAB115F1DB65B3C00FD1618 /* Main.storyboard */; };
/* End PBXBuildFile section */

/* Begin PBXFileReference section */
		2E5F63E01DB6426A00656256 /* MyMovieApp.app */ = {isa = PBXFileReference; explicitFileType = wrapper.application; includeInIndex = 0; path = MyMovieApp.app; sourceTree = BUILT_PRODUCTS_DIR; };
		2E5F63E31DB6426A00656256 /* AppDelegate.swift */ = {isa = PBXFileReference; lastKnownFileType = sourcecode.swift; path = AppDelegate.swift; sourceTree = "<group>"; };
		2E5F63E51DB6426A00656256 /* CollectionViewController.swift */ = {isa = PBXFileReference; lastKnownFileType = sourcecode.swift; path = CollectionViewController.swift; sourceTree = "<group>"; };
		2E5F63EA1DB6426A00656256 /* Assets.xcassets */ = {isa = PBXFileReference; lastKnownFileType = folder.assetcatalog; path = Assets.xcassets; sourceTree = "<group>"; };
		2E5F63EC1DB6426A00656256 /* Info.plist */ = {isa = PBXFileReference; lastKnownFileType = text.plist.xml; path = Info.plist; sourceTree = "<group>"; };
		2E5F63F51DB6451100656256 /* Movie.swift */ = {isa = PBXFileReference; fileEncoding = 4; lastKnownFileType = sourcecode.swift; path = Movie.swift; sourceTree = "<group>"; };
		4FAB11591DB649F600FD1618 /* ViewControllerDetails.swift */ = {isa = PBXFileReference; fileEncoding = 4; lastKnownFileType = sourcecode.swift; path = ViewControllerDetails.swift; sourceTree = "<group>"; };
		4FAB115B1DB64EB200FD1618 /* DAO.swift */ = {isa = PBXFileReference; fileEncoding = 4; lastKnownFileType = sourcecode.swift; path = DAO.swift; sourceTree = "<group>"; };
		4FAB115D1DB654A700FD1618 /* CollectionViewCell.swift */ = {isa = PBXFileReference; fileEncoding = 4; lastKnownFileType = sourcecode.swift; path = CollectionViewCell.swift; sourceTree = "<group>"; };
		4FAB11601DB65B3C00FD1618 /* Base */ = {isa = PBXFileReference; lastKnownFileType = file.storyboard; name = Base; path = Base.lproj/Main.storyboard; sourceTree = "<group>"; };
/* End PBXFileReference section */

/* Begin PBXFrameworksBuildPhase section */
		2E5F63DD1DB6426A00656256 /* Frameworks */ = {
			isa = PBXFrameworksBuildPhase;
			buildActionMask = 2147483647;
			files = (
			);
			runOnlyForDeploymentPostprocessing = 0;
		};
/* End PBXFrameworksBuildPhase section */

/* Begin PBXGroup section */
		2E5F63D71DB6426A00656256 = {
			isa = PBXGroup;
			children = (
				2E5F63E21DB6426A00656256 /* MyMovieApp */,
				2E5F63E11DB6426A00656256 /* Products */,
			);
			sourceTree = "<group>";
		};
		2E5F63E11DB6426A00656256 /* Products */ = {
			isa = PBXGroup;
			children = (
				2E5F63E01DB6426A00656256 /* MyMovieApp.app */,
			);
			name = Products;
			sourceTree = "<group>";
		};
		2E5F63E21DB6426A00656256 /* MyMovieApp */ = {
			isa = PBXGroup;
			children = (
				2E5F63F41DB6446F00656256 /* Controller */,
				2E5F63F31DB6446B00656256 /* View */,
				2E5F63F21DB6446500656256 /* Model */,
				2E5F63EA1DB6426A00656256 /* Assets.xcassets */,
				2E5F63EC1DB6426A00656256 /* Info.plist */,
			);
			path = MyMovieApp;
			sourceTree = "<group>";
		};
		2E5F63F21DB6446500656256 /* Model */ = {
			isa = PBXGroup;
			children = (
				2E5F63F51DB6451100656256 /* Movie.swift */,
				4FAB115B1DB64EB200FD1618 /* DAO.swift */,
			);
			name = Model;
			sourceTree = "<group>";
		};
		2E5F63F31DB6446B00656256 /* View */ = {
			isa = PBXGroup;
			children = (
				4FAB115F1DB65B3C00FD1618 /* Main.storyboard */,
			);
			name = View;
			sourceTree = "<group>";
		};
		2E5F63F41DB6446F00656256 /* Controller */ = {
			isa = PBXGroup;
			children = (
				2E5F63E51DB6426A00656256 /* CollectionViewController.swift */,
				2E5F63E31DB6426A00656256 /* AppDelegate.swift */,
				4FAB11591DB649F600FD1618 /* ViewControllerDetails.swift */,
				4FAB115D1DB654A700FD1618 /* CollectionViewCell.swift */,
			);
			name = Controller;
			sourceTree = "<group>";
		};
/* End PBXGroup section */

/* Begin PBXNativeTarget section */
		2E5F63DF1DB6426A00656256 /* MyMovieApp */ = {
			isa = PBXNativeTarget;
			buildConfigurationList = 2E5F63EF1DB6426A00656256 /* Build configuration list for PBXNativeTarget "MyMovieApp" */;
			buildPhases = (
				2E5F63DC1DB6426A00656256 /* Sources */,
				2E5F63DD1DB6426A00656256 /* Frameworks */,
				2E5F63DE1DB6426A00656256 /* Resources */,
			);
			buildRules = (
			);
			dependencies = (
			);
			name = MyMovieApp;
			productName = MyMovieApp;
			productReference = 2E5F63E01DB6426A00656256 /* MyMovieApp.app */;
			productType = "com.apple.product-type.application";
		};
/* End PBXNativeTarget section */

/* Begin PBXProject section */
		2E5F63D81DB6426A00656256 /* Project object */ = {
			isa = PBXProject;
			attributes = {
				LastSwiftUpdateCheck = 0800;
				LastUpgradeCheck = 0800;
				ORGANIZATIONNAME = "Gabrielle Brandenburg dos Anjos";
				TargetAttributes = {
					2E5F63DF1DB6426A00656256 = {
						CreatedOnToolsVersion = 8.0;
						DevelopmentTeam = NRFQJ4SFMZ;
						ProvisioningStyle = Automatic;
					};
				};
			};
			buildConfigurationList = 2E5F63DB1DB6426A00656256 /* Build configuration list for PBXProject "MyMovieApp" */;
			compatibilityVersion = "Xcode 3.2";
			developmentRegion = English;
			hasScannedForEncodings = 0;
			knownRegions = (
				en,
				Base,
			);
			mainGroup = 2E5F63D71DB6426A00656256;
			productRefGroup = 2E5F63E11DB6426A00656256 /* Products */;
			projectDirPath = "";
			projectRoot = "";
			targets = (
				2E5F63DF1DB6426A00656256 /* MyMovieApp */,
			);
		};
/* End PBXProject section */

/* Begin PBXResourcesBuildPhase section */
		2E5F63DE1DB6426A00656256 /* Resources */ = {
			isa = PBXResourcesBuildPhase;
			buildActionMask = 2147483647;
			files = (
				2E5F63EB1DB6426A00656256 /* Assets.xcassets in Resources */,
				4FAB11611DB65B3C00FD1618 /* Main.storyboard in Resources */,
			);
			runOnlyForDeploymentPostprocessing = 0;
		};
/* End PBXResourcesBuildPhase section */

/* Begin PBXSourcesBuildPhase section */
		2E5F63DC1DB6426A00656256 /* Sources */ = {
			isa = PBXSourcesBuildPhase;
			buildActionMask = 2147483647;
			files = (
				2E5F63E61DB6426A00656256 /* CollectionViewController.swift in Sources */,
				2E5F63E41DB6426A00656256 /* AppDelegate.swift in Sources */,
				4FAB115E1DB654A700FD1618 /* CollectionViewCell.swift in Sources */,
				2E5F63F61DB6451100656256 /* Movie.swift in Sources */,
				4FAB115A1DB649F600FD1618 /* ViewControllerDetails.swift in Sources */,
				4FAB115C1DB64EB200FD1618 /* DAO.swift in Sources */,
			);
			runOnlyForDeploymentPostprocessing = 0;
		};
/* End PBXSourcesBuildPhase section */

/* Begin PBXVariantGroup section */
		4FAB115F1DB65B3C00FD1618 /* Main.storyboard */ = {
			isa = PBXVariantGroup;
			children = (
				4FAB11601DB65B3C00FD1618 /* Base */,
			);
			name = Main.storyboard;
			sourceTree = "<group>";
		};
/* End PBXVariantGroup section */

/* Begin XCBuildConfiguration section */
		2E5F63ED1DB6426A00656256 /* Debug */ = {
			isa = XCBuildConfiguration;
			buildSettings = {
				ALWAYS_SEARCH_USER_PATHS = NO;
				CLANG_ANALYZER_NONNULL = YES;
				CLANG_CXX_LANGUAGE_STANDARD = "gnu++0x";
				CLANG_CXX_LIBRARY = "libc++";
				CLANG_ENABLE_MODULES = YES;
				CLANG_ENABLE_OBJC_ARC = YES;
				CLANG_WARN_BOOL_CONVERSION = YES;
				CLANG_WARN_CONSTANT_CONVERSION = YES;
				CLANG_WARN_DIRECT_OBJC_ISA_USAGE = YES_ERROR;
				CLANG_WARN_DOCUMENTATION_COMMENTS = YES;
				CLANG_WARN_EMPTY_BODY = YES;
				CLANG_WARN_ENUM_CONVERSION = YES;
				CLANG_WARN_INFINITE_RECURSION = YES;
				CLANG_WARN_INT_CONVERSION = YES;
				CLANG_WARN_OBJC_ROOT_CLASS = YES_ERROR;
				CLANG_WARN_SUSPICIOUS_MOVES = YES;
				CLANG_WARN_UNREACHABLE_CODE = YES;
				CLANG_WARN__DUPLICATE_METHOD_MATCH = YES;
				COPY_PHASE_STRIP = NO;
				DEBUG_INFORMATION_FORMAT = dwarf;
				ENABLE_STRICT_OBJC_MSGSEND = YES;
				ENABLE_TESTABILITY = YES;
				GCC_C_LANGUAGE_STANDARD = gnu99;
				GCC_DYNAMIC_NO_PIC = NO;
				GCC_NO_COMMON_BLOCKS = YES;
				GCC_OPTIMIZATION_LEVEL = 0;
				GCC_PREPROCESSOR_DEFINITIONS = (
					"DEBUG=1",
					"$(inherited)",
				);
				GCC_WARN_64_TO_32_BIT_CONVERSION = YES;
				GCC_WARN_ABOUT_RETURN_TYPE = YES_ERROR;
				GCC_WARN_UNDECLARED_SELECTOR = YES;
				GCC_WARN_UNINITIALIZED_AUTOS = YES_AGGRESSIVE;
				GCC_WARN_UNUSED_FUNCTION = YES;
				GCC_WARN_UNUSED_VARIABLE = YES;
				MTL_ENABLE_DEBUG_INFO = YES;
				ONLY_ACTIVE_ARCH = YES;
				SDKROOT = appletvos;
				SWIFT_ACTIVE_COMPILATION_CONDITIONS = DEBUG;
				SWIFT_OPTIMIZATION_LEVEL = "-Onone";
				TARGETED_DEVICE_FAMILY = 3;
				TVOS_DEPLOYMENT_TARGET = 10.0;
			};
			name = Debug;
		};
		2E5F63EE1DB6426A00656256 /* Release */ = {
			isa = XCBuildConfiguration;
			buildSettings = {
				ALWAYS_SEARCH_USER_PATHS = NO;
				CLANG_ANALYZER_NONNULL = YES;
				CLANG_CXX_LANGUAGE_STANDARD = "gnu++0x";
				CLANG_CXX_LIBRARY = "libc++";
				CLANG_ENABLE_MODULES = YES;
				CLANG_ENABLE_OBJC_ARC = YES;
				CLANG_WARN_BOOL_CONVERSION = YES;
				CLANG_WARN_CONSTANT_CONVERSION = YES;
				CLANG_WARN_DIRECT_OBJC_ISA_USAGE = YES_ERROR;
				CLANG_WARN_DOCUMENTATION_COMMENTS = YES;
				CLANG_WARN_EMPTY_BODY = YES;
				CLANG_WARN_ENUM_CONVERSION = YES;
				CLANG_WARN_INFINITE_RECURSION = YES;
				CLANG_WARN_INT_CONVERSION = YES;
				CLANG_WARN_OBJC_ROOT_CLASS = YES_ERROR;
				CLANG_WARN_SUSPICIOUS_MOVES = YES;
				CLANG_WARN_UNREACHABLE_CODE = YES;
				CLANG_WARN__DUPLICATE_METHOD_MATCH = YES;
				COPY_PHASE_STRIP = NO;
				DEBUG_INFORMATION_FORMAT = "dwarf-with-dsym";
				ENABLE_NS_ASSERTIONS = NO;
				ENABLE_STRICT_OBJC_MSGSEND = YES;
				GCC_C_LANGUAGE_STANDARD = gnu99;
				GCC_NO_COMMON_BLOCKS = YES;
				GCC_WARN_64_TO_32_BIT_CONVERSION = YES;
				GCC_WARN_ABOUT_RETURN_TYPE = YES_ERROR;
				GCC_WARN_UNDECLARED_SELECTOR = YES;
				GCC_WARN_UNINITIALIZED_AUTOS = YES_AGGRESSIVE;
				GCC_WARN_UNUSED_FUNCTION = YES;
				GCC_WARN_UNUSED_VARIABLE = YES;
				MTL_ENABLE_DEBUG_INFO = NO;
				SDKROOT = appletvos;
				SWIFT_OPTIMIZATION_LEVEL = "-Owholemodule";
				TARGETED_DEVICE_FAMILY = 3;
				TVOS_DEPLOYMENT_TARGET = 10.0;
				VALIDATE_PRODUCT = YES;
			};
			name = Release;
		};
		2E5F63F01DB6426A00656256 /* Debug */ = {
			isa = XCBuildConfiguration;
			buildSettings = {
				ASSETCATALOG_COMPILER_APPICON_NAME = "App Icon & Top Shelf Image";
				ASSETCATALOG_COMPILER_LAUNCHIMAGE_NAME = LaunchImage;
				DEVELOPMENT_TEAM = NRFQJ4SFMZ;
				INFOPLIST_FILE = MyMovieApp/Info.plist;
				LD_RUNPATH_SEARCH_PATHS = "$(inherited) @executable_path/Frameworks";
				PRODUCT_BUNDLE_IDENTIFIER = gba.MyMovieApp;
				PRODUCT_NAME = "$(TARGET_NAME)";
				SWIFT_VERSION = 3.0;
			};
			name = Debug;
		};
		2E5F63F11DB6426A00656256 /* Release */ = {
			isa = XCBuildConfiguration;
			buildSettings = {
				ASSETCATALOG_COMPILER_APPICON_NAME = "App Icon & Top Shelf Image";
				ASSETCATALOG_COMPILER_LAUNCHIMAGE_NAME = LaunchImage;
				DEVELOPMENT_TEAM = NRFQJ4SFMZ;
				INFOPLIST_FILE = MyMovieApp/Info.plist;
				LD_RUNPATH_SEARCH_PATHS = "$(inherited) @executable_path/Frameworks";
				PRODUCT_BUNDLE_IDENTIFIER = gba.MyMovieApp;
				PRODUCT_NAME = "$(TARGET_NAME)";
				SWIFT_VERSION = 3.0;
			};
			name = Release;
		};
/* End XCBuildConfiguration section */

/* Begin XCConfigurationList section */
		2E5F63DB1DB6426A00656256 /* Build configuration list for PBXProject "MyMovieApp" */ = {
			isa = XCConfigurationList;
			buildConfigurations = (
				2E5F63ED1DB6426A00656256 /* Debug */,
				2E5F63EE1DB6426A00656256 /* Release */,
			);
			defaultConfigurationIsVisible = 0;
			defaultConfigurationName = Release;
		};
		2E5F63EF1DB6426A00656256 /* Build configuration list for PBXNativeTarget "MyMovieApp" */ = {
			isa = XCConfigurationList;
			buildConfigurations = (
				2E5F63F01DB6426A00656256 /* Debug */,
				2E5F63F11DB6426A00656256 /* Release */,
			);
			defaultConfigurationIsVisible = 0;
			defaultConfigurationName = Release;
		};
/* End XCConfigurationList section */
	};
	rootObject = 2E5F63D81DB6426A00656256 /* Project object */;
}
